github.com/cespare/xxhash/v2 v2.3.0 h1:UL815xU9SqsFlibzuggzjXhog7bL6oX9BbNZnL2UFvs=
github.com/cespare/xxhash/v2 v2.3.0/go.mod h1:VGX0DQ3Q6kWi7AoAeZDth3/j3BFtOZR5XLFGgcrjCOs=
github.com/davecgh/go-spew v1.1.0/go.mod h1:J7Y8YcW2NihsgmVo/mv3lAwl/skON4iLHjSsI+c5H38=
github.com/davecgh/go-spew v1.1.1 h1:vj9j/u1bqnvCEfJOwUhtlOARqs3+rkHYY13jYWTU97c=
github.com/davecgh/go-spew v1.1.1/go.mod h1:J7Y8YcW2NihsgmVo/mv3lAwl/skON4iLHjSsI+c5H38=
github.com/ebitengine/purego v0.10.0 h1:QIw4xfpWT6GWTzaW5XEKy3HXoqrJGx1ijYHzTF0/ISU=
github.com/ebitengine/purego v0.10.0/go.mod h1:iIjxzd6CiRiOG0UyXP+V1+jWqUXVjPKLAI0mRfJZTmQ=
github.com/hybridgroup/yzma v1.11.1 h1:HvpPAFzg6lAWTFgxC8R/wjkRbTW2hd2dEM0F41t/gq8=
github.com/hybridgroup/yzma v1.11.1/go.mod h1:zrzMgv/KVQz23+s6l16b+vJ+9uJVBdWtGcGkwRTMeiQ=
github.com/jupiterrider/ffi v0.6.0 h1:UX378KcZvH5c8qgLi9KL/bL82SZTHdRspZ+jj7bvBng=
github.com/jupiterrider/ffi v0.6.0/go.mod h1:PqZ5Go6X9by8CIXgfprxfMPYmn8oT5m2O7AA56s64bY=
github.com/mattn/go-pointer v0.0.1 h1:n+XhsuGeVO6MEAp7xyEukFINEa+Quek5psIR/ylA6o0=
github.com/mattn/go-pointer v0.0.1/go.mod h1:2zXcozF6qYGgmsG+SeTZz3oAbFLdD3OWqnUbNvJZAlc=
github.com/mattn/go-sqlite3 v1.14.38 h1:tDUzL85kMvOrvpCt8P64SbGgVFtJB11GPi2AdmITgb4=
github.com/mattn/go-sqlite3 v1.14.38/go.mod h1:Uh1q+B4BYcTPb+yiD3kU8Ct7aC0hY9fxUwlHK0RXw+Y=
github.com/ncruces/go-sqlite3 v0.17.1 h1:VxTjDpCn87FaFlKMaAYC1jP7ND0d4UNj+6G4IQDHbgI=
github.com/ncruces/go-sqlite3 v0.17.1/go.mod h1:FnCyui8SlDoL0mQZ5dTouNo7s7jXS0kJv9lBt1GlM9w=
github.com/ncruces/julianday v1.0.0 h1:fH0OKwa7NWvniGQtxdJRxAgkBMolni2BjDHaWTxqt7M=
github.com/ncruces/julianday v1.0.0/go.mod h1:Dusn2KvZrrovOMJuOt0TNXL6tB7U2E8kvza5fFc9G7g=
github.com/pmezard/go-difflib v1.0.0 h1:4DBwDE0NGyQoBHbLQYPwSUPoCMWR5BEzIk/f1lZbAQM=
github.com/pmezard/go-difflib v1.0.0/go.mod h1:iKH77koFhYxTK1pcRnkKkqfTogsbg7gZNVY4sRDYZ/4=
github.com/sabhiram/go-gitignore v0.0.0-20210923224102-525f6e181f06 h1:OkMGxebDjyw0ULyrTYWeN0UNCCkmCWfjPnIA2W6oviI=
github.com/sabhiram/go-gitignore v0.0.0-20210923224102-525f6e181f06/go.mod h1:+ePHsJ1keEjQtpvf9HHw0f4ZeJ0TLRsxhunSI2hYJSs=
github.com/stretchr/objx v0.1.0/go.mod h1:HFkY916IF+rwdDfMAkV7OtwuqBVzrE8GR6GFx+wExME=
github.com/stretchr/testify v1.6.1/go.mod h1:6Fq8oRcR53rry900zMqJjRRixrwX3KX962/h/Wwjteg=
github.com/stretchr/testify v1.10.0 h1:Xv5erBjTwe/5IxqUQTdXv5kgmIvbHo3QQyRwhJsOfJA=
github.com/stretchr/testify v1.10.0/go.mod h1:r2ic/lqez/lEtzL7wO/rwa5dbSLXVDPFyf8C91i36aY=
github.com/tetratelabs/wazero v1.7.3 h1:PBH5KVahrt3S2AHgEjKu4u+LlDbbk+nsGE3KLucy6Rw=
github.com/tetratelabs/wazero v1.7.3/go.mod h1:ytl6Zuh20R/eROuyDaGPkp82O9C/DJfXAwJfQ3X6/7Y=
github.com/tree-sitter/go-tree-sitter v0.24.1-0.20250202211042-adc13ffd8b2c h1:lZS22CyoY+TOTVp/KjdeQTBJ2vD/GuWskyaA3jx/+1w=
github.com/tree-sitter/go-tree-sitter v0.24.1-0.20250202211042-adc13ffd8b2c/go.mod h1:r77ig7BikoZhHrrsjAnv8RqGti5rtSyvDHPzgTPsUuU=
github.com/tree-sitter/tree-sitter-c v0.23.4 h1:nBPH3FV07DzAD7p0GfNvXM+Y7pNIoPenQWBpvM++t4c=
github.com/tree-sitter/tree-sitter-c v0.23.4/go.mod h1:MkI5dOiIpeN94LNjeCp8ljXN/953JCwAby4bClMr6bw=
github.com/tree-sitter/tree-sitter-cpp v0.23.4 h1:LaWZsiqQKvR65yHgKmnaqA+uz6tlDJTJFCyFIeZU/8w=
github.com/tree-sitter/tree-sitter-cpp v0.23.4/go.mod h1:doqNW64BriC7WBCQ1klf0KmJpdEvfxyXtoEybnBo6v8=
github.com/tree-sitter/tree-sitter-embedded-template v0.23.2 h1:nFkkH6Sbe56EXLmZBqHHcamTpmz3TId97I16EnGy4rg=
github.com/tree-sitter/tree-sitter-embedded-template v0.23.2/go.mod h1:HNPOhN0qF3hWluYLdxWs5WbzP/iE4aaRVPMsdxuzIaQ=
github.com/tree-sitter/tree-sitter-go v0.25.0 h1:cEB0Q3LHgZtS+ECHx9wcP7AwzoOddJFQCVmytX42cVU=
github.com/tree-sitter/tree-sitter-go v0.25.0/go.mod h1:Jrx8QqYN0v7npv1fJRH1AznddllYiCMUChtVjxPK040=
github.com/tree-sitter/tree-sitter-html v0.23.2 h1:1UYDV+Yd05GGRhVnTcbP58GkKLSHHZwVaN+lBZV11Lc=
github.com/tree-sitter/tree-sitter-html v0.23.2/go.mod h1:gpUv/dG3Xl/eebqgeYeFMt+JLOY9cgFinb/Nw08a9og=
github.com/tree-sitter/tree-sitter-java v0.23.5 h1:J9YeMGMwXYlKSP3K4Us8CitC6hjtMjqpeOf2GGo6tig=
github.com/tree-sitter/tree-sitter-java v0.23.5/go.mod h1:NRKlI8+EznxA7t1Yt3xtraPk1Wzqh3GAIC46wxvc320=
github.com/tree-sitter/tree-sitter-javascript v0.25.0 h1:ZkWETb66/w8cc13yhfnNuHOLDQWl3BnKlH6f9AdR88c=
github.com/tree-sitter/tree-sitter-javascript v0.25.0/go.mod h1:lmGD1EJdCA+v0S1u2fFgepMg/opzSg/4pgFym2FPGAs=
github.com/tree-sitter/tree-sitter-json v0.24.8 h1:tV5rMkihgtiOe14a9LHfDY5kzTl5GNUYe6carZBn0fQ=
github.com/tree-sitter/tree-sitter-json v0.24.8/go.mod h1:F351KK0KGvCaYbZ5zxwx/gWWvZhIDl0eMtn+1r+gQbo=
github.com/tree-sitter/tree-sitter-php v0.23.11 h1:iHewsLNDmznh8kgGyfWfujsZxIz1YGbSd2ZTEM0ZiP8=
github.com/tree-sitter/tree-sitter-php v0.23.11/go.mod h1:T/kbfi+UcCywQfUNAJnGTN/fMSUjnwPXA8k4yoIks74=
github.com/tree-sitter/tree-sitter-python v0.25.0 h1:O6XD9v8U1LOcRc3cNj9nM7XufrtEBezE6VrpRrHZDf0=
github.com/tree-sitter/tree-sitter-python v0.25.0/go.mod h1:cpdthSy/Yoa28aJFBscFHlGiU+cnSiSh1kuDVtI8YeM=
github.com/tree-sitter/tree-sitter-ruby v0.23.1 h1:T/NKHUA+iVbHM440hFx+lzVOzS4dV6z8Qw8ai+72bYo=
github.com/tree-sitter/tree-sitter-ruby v0.23.1/go.mod h1:kUS4kCCQloFcdX6sdpr8p6r2rogbM6ZjTox5ZOQy8cA=
github.com/tree-sitter/tree-sitter-rust v0.23.2 h1:6AtoooCW5GqNrRpfnvl0iUhxTAZEovEmLKDbyHlfw90=
github.com/tree-sitter/tree-sitter-rust v0.23.2/go.mod h1:hfeGWic9BAfgTrc7Xf6FaOAguCFJRo3RBbs7QJ6D7MI=
github.com/tree-sitter/tree-sitter-rust v0.24.2 h1:NL4nF67ib21RMzzfvkmXlVwe45vvhW10DVyO+D0z/W0=
github.com/tree-sitter/tree-sitter-rust v0.24.2/go.mod h1:hfeGWic9BAfgTrc7Xf6FaOAguCFJRo3RBbs7QJ6D7MI=
github.com/tree-sitter/tree-sitter-typescript v0.23.2 h1:/Odvphn18PniVixb9e97X0DbNVsU6Qocv9mfkyzdXwU=
github.com/tree-sitter/tree-sitter-typescript v0.23.2/go.mod h1:zjzMXT/Ulffel2xfOcAkQQkiAkmgnbtPGlFQw/5X4xA=
golang.org/x/sys v0.41.0 h1:Ivj+2Cp/ylzLiEU89QhWblYnOE9zerudt9Ftecq2C6k=
golang.org/x/sys v0.41.0/go.mod h1:OgkHotnGiDImocRcuBABYBEXf8A9a87e/uXjp9XT3ks=
golang.org/x/text v0.34.0 h1:oL/Qq0Kdaqxa1KbNeMKwQq0reLCCaFtqu2eNuSeNHbk=
golang.org/x/text v0.34.0/go.mod h1:homfLqTYRFyVYemLBFl5GgL/DWEiH5wcsQ5gSh1yziA=
gopkg.in/check.v1 v0.0.0-20161208181325-20d25e280405/go.mod h1:Co6ibVJAznAaIkqp8huTwlJQCZ016jof/cbN4VW5Yz0=
gopkg.in/yaml.v3 v3.0.0-20200313102051-9f266ea9e77c/go.mod h1:K4uyk7z7BCEPqu6E+C64Yfv1cQ7kz7rIZviUmN+EgEM=
gopkg.in/yaml.v3 v3.0.1 h1:fxVm/GzAzEWqLHuvctI91KS9hhNmmWOoWu0XTYJS7CA=
gopkg.in/yaml.v3 v3.0.1/go.mod h1:K4uyk7z7BCEPqu6E+C64Yfv1cQ7kz7rIZviUmN+EgEM=
